
Microsoft Visual Studio Solution File, Format Version 12.00
# Visual Studio Version 17
VisualStudioVersion = 17.0.31903.59
MinimumVisualStudioVersion = 10.0.40219.1
Project("{FAE04EC0-301F-11D3-BF4B-00C04F79EFBC}") = "ScoreBoardLibrary", "ScoreBoardLibrary\ScoreBoardLibrary.csproj", "{E16379BB-459B-42E1-96B4-A6EC472F6A0C}"
EndProject
Project("{2150E333-8FDC-42A3-9474-1A3956D46DE8}") = "ScoreBoardLibrary", "ScoreBoardLibrary", "{71550349-32D0-4A0C-A30D-D80B35F92270}"
EndProject
Project("{FAE04EC0-301F-11D3-BF4B-00C04F79EFBC}") = "ScoreBoardLibraryTest", "ScoreBoardLibrary\ScoreBoardLibraryTest\ScoreBoardLibraryTest.csproj", "{226F8AE8-DD58-4FC9-8469-23F6B78BF3DD}"
EndProject
Global
	GlobalSection(SolutionConfigurationPlatforms) = preSolution
		Debug|Any CPU = Debug|Any CPU
		Release|Any CPU = Release|Any CPU
	EndGlobalSection
	GlobalSection(SolutionProperties) = preSolution
		HideSolutionNode = FALSE
	EndGlobalSection
	GlobalSection(ProjectConfigurationPlatforms) = postSolution
		{E16379BB-459B-42E1-96B4-A6EC472F6A0C}.Debug|Any CPU.ActiveCfg = Debug|Any CPU
		{E16379BB-459B-42E1-96B4-A6EC472F6A0C}.Debug|Any CPU.Build.0 = Debug|Any CPU
		{E16379BB-459B-42E1-96B4-A6EC472F6A0C}.Release|Any CPU.ActiveCfg = Release|Any CPU
		{E16379BB-459B-42E1-96B4-A6EC472F6A0C}.Release|Any CPU.Build.0 = Release|Any CPU
		{226F8AE8-DD58-4FC9-8469-23F6B78BF3DD}.Debug|Any CPU.ActiveCfg = Debug|Any CPU
		{226F8AE8-DD58-4FC9-8469-23F6B78BF3DD}.Debug|Any CPU.Build.0 = Debug|Any CPU
		{226F8AE8-DD58-4FC9-8469-23F6B78BF3DD}.Release|Any CPU.ActiveCfg = Release|Any CPU
		{226F8AE8-DD58-4FC9-8469-23F6B78BF3DD}.Release|Any CPU.Build.0 = Release|Any CPU
	EndGlobalSection
	GlobalSection(NestedProjects) = preSolution
		{226F8AE8-DD58-4FC9-8469-23F6B78BF3DD} = {71550349-32D0-4A0C-A30D-D80B35F92270}
	EndGlobalSection
EndGlobal
